
Microsoft Visual Studio Solution File, Format Version 12.00
# Visual Studio Version 16
VisualStudioVersion = 16.0.31424.327
MinimumVisualStudioVersion = 10.0.40219.1
Project("{9A19103F-16F7-4668-BE54-9A1E7A4F7556}") = "Ex02", "Ex02\Ex02.csproj", "{61E0E365-5C10-4503-A1B1-1AC7209B868F}"
EndProject
Project("{FAE04EC0-301F-11D3-BF4B-00C04F79EFBC}") = "Ex03", "Ex03\Ex03.csproj", "{FC60FC56-DED9-424F-9FED-3FD640A0B8E7}"
EndProject
Global
	GlobalSection(SolutionConfigurationPlatforms) = preSolution
		Debug|Any CPU = Debug|Any CPU
		Release|Any CPU = Release|Any CPU
	EndGlobalSection
	GlobalSection(ProjectConfigurationPlatforms) = postSolution
		{61E0E365-5C10-4503-A1B1-1AC7209B868F}.Debug|Any CPU.ActiveCfg = Debug|Any CPU
		{61E0E365-5C10-4503-A1B1-1AC7209B868F}.Debug|Any CPU.Build.0 = Debug|Any CPU
		{61E0E365-5C10-4503-A1B1-1AC7209B868F}.Release|Any CPU.ActiveCfg = Release|Any CPU
		{61E0E365-5C10-4503-A1B1-1AC7209B868F}.Release|Any CPU.Build.0 = Release|Any CPU
		{FC60FC56-DED9-424F-9FED-3FD640A0B8E7}.Debug|Any CPU.ActiveCfg = Debug|Any CPU
		{FC60FC56-DED9-424F-9FED-3FD640A0B8E7}.Debug|Any CPU.Build.0 = Debug|Any CPU
		{FC60FC56-DED9-424F-9FED-3FD640A0B8E7}.Release|Any CPU.ActiveCfg = Release|Any CPU
		{FC60FC56-DED9-424F-9FED-3FD640A0B8E7}.Release|Any CPU.Build.0 = Release|Any CPU
	EndGlobalSection
	GlobalSection(SolutionProperties) = preSolution
		HideSolutionNode = FALSE
	EndGlobalSection
	GlobalSection(ExtensibilityGlobals) = postSolution
		SolutionGuid = {7B1F8470-FA78-4F97-8E57-17E8367E1ACB}
	EndGlobalSection
EndGlobal
